# THIS IS AN AUTOGENERATED FILE. DO NOT EDIT THIS FILE DIRECTLY.
# yarn lockfile v1


autoprefixer@^10.4.16:
  version "10.4.16"
  resolved "https://registry.yarnpkg.com/autoprefixer/-/autoprefixer-10.4.16.tgz#fad1411024d8670880bdece3970aa72e3572feb8"
  integrity sha512-7vd3UC6xKp0HLfua5IjZlcXvGAGy7cBAXTg2lyQ/8WpNhd6SiZ8Be+xm3FyBSYJx5GKcpRCzBh7RH4/0dnY+uQ==
  dependencies:
    browserslist "^4.21.10"
    caniuse-lite "^1.0.30001538"
    fraction.js "^4.3.6"
    normalize-range "^0.1.2"
    picocolors "^1.0.0"
    postcss-value-parser "^4.2.0"

browserslist@^4.21.10:
  version "4.22.1"
  resolved "https://registry.yarnpkg.com/browserslist/-/browserslist-4.22.1.tgz#ba91958d1a59b87dab6fed8dfbcb3da5e2e9c619"
  integrity sha512-FEVc202+2iuClEhZhrWy6ZiAcRLvNMyYcxZ8raemul1DYVOVdFsbqckWLdsixQZCpJlwe77Z3UTalE7jsjnKfQ==
  dependencies:
    caniuse-lite "^1.0.30001541"
    electron-to-chromium "^1.4.535"
    node-releases "^2.0.13"
    update-browserslist-db "^1.0.13"

caniuse-lite@^1.0.30001538, caniuse-lite@^1.0.30001541:
  version "1.0.30001562"
  resolved "https://registry.yarnpkg.com/caniuse-lite/-/caniuse-lite-1.0.30001562.tgz#9d16c5fd7e9c592c4cd5e304bc0f75b0008b2759"
  integrity sha512-kfte3Hym//51EdX4239i+Rmp20EsLIYGdPkERegTgU19hQWCRhsRFGKHTliUlsry53tv17K7n077Kqa0WJU4ng==

electron-to-chromium@^1.4.535:
  version "1.4.586"
  resolved "https://registry.yarnpkg.com/electron-to-chromium/-/electron-to-chromium-1.4.586.tgz#68683163ed52a111213e2482ff847e76a5c6e891"
  integrity sha512-qMa+E6yf1fNQbg3G66pHLXeJUP5CCCzNat1VPczOZOqgI2w4u+8y9sQnswMdGs5m4C1rOePq37EVBr/nsPQY7w==

escalade@^3.1.1:
  version "3.1.1"
  resolved "https://registry.yarnpkg.com/escalade/-/escalade-3.1.1.tgz#d8cfdc7000965c5a0174b4a82eaa5c0552742e40"
  integrity sha512-k0er2gUkLf8O0zKJiAhmkTnJlTvINGv7ygDNPbeIsX/TJjGJZHuh9B2UxbsaEkmlEo9MfhrSzmhIlhRlI2GXnw==

fraction.js@^4.3.6:
  version "4.3.7"
  resolved "https://registry.yarnpkg.com/fraction.js/-/fraction.js-4.3.7.tgz#06ca0085157e42fda7f9e726e79fefc4068840f7"
  integrity sha512-ZsDfxO51wGAXREY55a7la9LScWpwv9RxIrYABrlvOFBlH/ShPnrtsXeuUIfXKKOVicNxQ+o8JTbJvjS4M89yew==

node-releases@^2.0.13:
  version "2.0.13"
  resolved "https://registry.yarnpkg.com/node-releases/-/node-releases-2.0.13.tgz#d5ed1627c23e3461e819b02e57b75e4899b1c81d"
  integrity sha512-uYr7J37ae/ORWdZeQ1xxMJe3NtdmqMC/JZK+geofDrkLUApKRHPd18/TxtBOJ4A0/+uUIliorNrfYV6s1b02eQ==

normalize-range@^0.1.2:
  version "0.1.2"
  resolved "https://registry.yarnpkg.com/normalize-range/-/normalize-range-0.1.2.tgz#2d10c06bdfd312ea9777695a4d28439456b75942"
  integrity sha512-bdok/XvKII3nUpklnV6P2hxtMNrCboOjAcyBuQnWEhO665FwrSNRxU+AqpsyvO6LgGYPspN+lu5CLtw4jPRKNA==

picocolors@^1.0.0:
  version "1.0.0"
  resolved "https://registry.yarnpkg.com/picocolors/-/picocolors-1.0.0.tgz#cb5bdc74ff3f51892236eaf79d68bc44564ab81c"
  integrity sha512-1fygroTLlHu66zi26VoTDv8yRgm0Fccecssto+MhsZ0D/DGW2sm8E8AjW7NU5VVTRt5GxbeZ5qBuJr+HyLYkjQ==

postcss-value-parser@^4.2.0:
  version "4.2.0"
  resolved "https://registry.yarnpkg.com/postcss-value-parser/-/postcss-value-parser-4.2.0.tgz#723c09920836ba6d3e5af019f92bc0971c02e514"
  integrity sha512-1NNCs6uurfkVbeXG4S8JFT9t19m45ICnif8zWLd5oPSZ50QnwMfK+H3jv408d4jw/7Bttv5axS5IiHoLaVNHeQ==

update-browserslist-db@^1.0.13:
  version "1.0.13"
  resolved "https://registry.yarnpkg.com/update-browserslist-db/-/update-browserslist-db-1.0.13.tgz#3c5e4f5c083661bd38ef64b6328c26ed6c8248c4"
  integrity sha512-xebP81SNcPuNpPP3uzeW1NYXxI3rxyJzF3pD6sH4jE7o/IX+WtSpwnVU+qIsDPyk0d3hmFQ7mjqc6AtV604hbg==
  dependencies:
    escalade "^3.1.1"
    picocolors "^1.0.0"
